
Microsoft Visual Studio Solution File, Format Version 12.00
# Visual Studio Version 16
VisualStudioVersion = 16.0.30621.155
MinimumVisualStudioVersion = 10.0.40219.1
Project("{FAE04EC0-301F-11D3-BF4B-00C04F79EFBC}") = "MFClient", "MFClient\MFClient.csproj", "{EF230B4E-9D4E-45E9-B9B5-76E94B5CE6CD}"
EndProject
Global
	GlobalSection(SolutionConfigurationPlatforms) = preSolution
		Debug|Any CPU = Debug|Any CPU
		Debug|x64 = Debug|x64
		Release|Any CPU = Release|Any CPU
		Release|x64 = Release|x64
	EndGlobalSection
	GlobalSection(ProjectConfigurationPlatforms) = postSolution
		{EF230B4E-9D4E-45E9-B9B5-76E94B5CE6CD}.Debug|Any CPU.ActiveCfg = Debug|Any CPU
		{EF230B4E-9D4E-45E9-B9B5-76E94B5CE6CD}.Debug|Any CPU.Build.0 = Debug|Any CPU
		{EF230B4E-9D4E-45E9-B9B5-76E94B5CE6CD}.Debug|x64.ActiveCfg = Debug|x64
		{EF230B4E-9D4E-45E9-B9B5-76E94B5CE6CD}.Debug|x64.Build.0 = Debug|x64
		{EF230B4E-9D4E-45E9-B9B5-76E94B5CE6CD}.Release|Any CPU.ActiveCfg = Release|Any CPU
		{EF230B4E-9D4E-45E9-B9B5-76E94B5CE6CD}.Release|Any CPU.Build.0 = Release|Any CPU
		{EF230B4E-9D4E-45E9-B9B5-76E94B5CE6CD}.Release|x64.ActiveCfg = Release|x64
		{EF230B4E-9D4E-45E9-B9B5-76E94B5CE6CD}.Release|x64.Build.0 = Release|x64
	EndGlobalSection
	GlobalSection(SolutionProperties) = preSolution
		HideSolutionNode = FALSE
	EndGlobalSection
	GlobalSection(ExtensibilityGlobals) = postSolution
		SolutionGuid = {4A724F42-FC17-4FE9-BD57-ABA82492798F}
	EndGlobalSection
EndGlobal
